
Microsoft Visual Studio Solution File, Format Version 12.00
# Visual Studio Version 17
VisualStudioVersion = 17.0.32112.339
MinimumVisualStudioVersion = 10.0.40219.1
Project("{9A19103F-16F7-4668-BE54-9A1E7A4F7556}") = "Blueprinter", "Blueprinter\Blueprinter.csproj", "{D4672BC1-B6F7-4A3B-B93B-5175896A4D5A}"
EndProject
Project("{FAE04EC0-301F-11D3-BF4B-00C04F79EFBC}") = "Blueprinter.Core", "Blueprinter.Core\Blueprinter.Core.csproj", "{675E2EE1-101C-4309-AF35-E09D2D8264B7}"
EndProject
Project("{FAE04EC0-301F-11D3-BF4B-00C04F79EFBC}") = "Blueprinter.Presentation", "Blueprinter.Presentation\Blueprinter.Presentation.csproj", "{4779FA68-8E9F-4973-8F32-E947F9162715}"
EndProject
Global
	GlobalSection(SolutionConfigurationPlatforms) = preSolution
		Debug|Any CPU = Debug|Any CPU
		Release|Any CPU = Release|Any CPU
	EndGlobalSection
	GlobalSection(ProjectConfigurationPlatforms) = postSolution
		{D4672BC1-B6F7-4A3B-B93B-5175896A4D5A}.Debug|Any CPU.ActiveCfg = Debug|Any CPU
		{D4672BC1-B6F7-4A3B-B93B-5175896A4D5A}.Debug|Any CPU.Build.0 = Debug|Any CPU
		{D4672BC1-B6F7-4A3B-B93B-5175896A4D5A}.Release|Any CPU.ActiveCfg = Release|Any CPU
		{D4672BC1-B6F7-4A3B-B93B-5175896A4D5A}.Release|Any CPU.Build.0 = Release|Any CPU
		{675E2EE1-101C-4309-AF35-E09D2D8264B7}.Debug|Any CPU.ActiveCfg = Debug|Any CPU
		{675E2EE1-101C-4309-AF35-E09D2D8264B7}.Debug|Any CPU.Build.0 = Debug|Any CPU
		{675E2EE1-101C-4309-AF35-E09D2D8264B7}.Release|Any CPU.ActiveCfg = Release|Any CPU
		{675E2EE1-101C-4309-AF35-E09D2D8264B7}.Release|Any CPU.Build.0 = Release|Any CPU
		{4779FA68-8E9F-4973-8F32-E947F9162715}.Debug|Any CPU.ActiveCfg = Debug|Any CPU
		{4779FA68-8E9F-4973-8F32-E947F9162715}.Debug|Any CPU.Build.0 = Debug|Any CPU
		{4779FA68-8E9F-4973-8F32-E947F9162715}.Release|Any CPU.ActiveCfg = Release|Any CPU
		{4779FA68-8E9F-4973-8F32-E947F9162715}.Release|Any CPU.Build.0 = Release|Any CPU
	EndGlobalSection
	GlobalSection(SolutionProperties) = preSolution
		HideSolutionNode = FALSE
	EndGlobalSection
	GlobalSection(ExtensibilityGlobals) = postSolution
		SolutionGuid = {0D55FE72-0E57-4BF1-90D4-6AB5A094604D}
	EndGlobalSection
EndGlobal
